{
  "lockfileVersion": 1,
  "configVersion": 1,
  "workspaces": {
    "": {
      "name": "effect-url-shortener",
      "dependencies": {
        "hono": "^4.10.8",
      },
      "devDependencies": {
        "@effect/language-service": "^0.63.0",
        "@types/bun": "latest",
      },
    },
  },
  "packages": {
    "@effect/language-service": ["@effect/language-service@0.63.0", "", { "bin": { "effect-language-service": "cli.js" } }, "sha512-ATeSq70sLmEIniZzmAdveADgaUFBpVRsKvdFnIewkw6xLV6Misf1h6C1YDIT9xwkB/Ut0GqOZ2qw5/Ufk+bB2A=="],

    "@types/bun": ["@types/bun@1.3.4", "", { "dependencies": { "bun-types": "1.3.4" } }, "sha512-EEPTKXHP+zKGPkhRLv+HI0UEX8/o+65hqARxLy8Ov5rIxMBPNTjeZww00CIihrIQGEQBYg+0roO5qOnS/7boGA=="],

    "@types/node": ["@types/node@20.19.26", "", { "dependencies": { "undici-types": "~6.21.0" } }, "sha512-0l6cjgF0XnihUpndDhk+nyD3exio3iKaYROSgvh/qSevPXax3L8p5DBRFjbvalnwatGgHEQn2R88y2fA3g4irg=="],

    "bun-types": ["bun-types@1.3.4", "", { "dependencies": { "@types/node": "*" } }, "sha512-5ua817+BZPZOlNaRgGBpZJOSAQ9RQ17pkwPD0yR7CfJg+r8DgIILByFifDTa+IPDDxzf5VNhtNlcKqFzDgJvlQ=="],

    "hono": ["hono@4.10.8", "", {}, "sha512-DDT0A0r6wzhe8zCGoYOmMeuGu3dyTAE40HHjwUsWFTEy5WxK1x2WDSsBPlEXgPbRIFY6miDualuUDbasPogIww=="],

    "undici-types": ["undici-types@6.21.0", "", {}, "sha512-iwDZqg0QAGrg9Rav5H4n0M64c3mkR59cJ6wQp+7C4nI0gsmExaedaYLNO44eT4AtBBwjbTiGPMlt2Md0T9H9JQ=="],
  }
}
